
Microsoft Visual Studio Solution File, Format Version 11.00
# Visual Studio 2010
Project("{FAE04EC0-301F-11D3-BF4B-00C04F79EFBC}") = "NxtManagerV3", "NxtManagerV3\NxtManagerV3.csproj", "{94C6753D-DE55-4C86-8099-5B2F5E15A907}"
EndProject
Global
	GlobalSection(SolutionConfigurationPlatforms) = preSolution
		Debug|x86 = Debug|x86
		Release|x86 = Release|x86
	EndGlobalSection
	GlobalSection(ProjectConfigurationPlatforms) = postSolution
		{94C6753D-DE55-4C86-8099-5B2F5E15A907}.Debug|x86.ActiveCfg = Debug|x86
		{94C6753D-DE55-4C86-8099-5B2F5E15A907}.Debug|x86.Build.0 = Debug|x86
		{94C6753D-DE55-4C86-8099-5B2F5E15A907}.Release|x86.ActiveCfg = Release|x86
		{94C6753D-DE55-4C86-8099-5B2F5E15A907}.Release|x86.Build.0 = Release|x86
	EndGlobalSection
	GlobalSection(SolutionProperties) = preSolution
		HideSolutionNode = FALSE
	EndGlobalSection
EndGlobal
